{
  "lockfileVersion": 1,
  "workspaces": {
    "": {
      "dependencies": {
        "@minecraft/server": "^2.1.0",
      },
    },
  },
  "packages": {
    "@minecraft/common": ["@minecraft/common@1.2.0", "", {}, "sha512-JdmEq4P3Z/FtoBzhLijFgMSVFnFRrUoLwY8DHHrgtFo0mfLTOLTB1RErYjLMsA6b7BGVNxkX/pfFRiH7QZ0XwQ=="],

    "@minecraft/server": ["@minecraft/server@2.1.0", "", { "dependencies": { "@minecraft/common": "^1.2.0" }, "peerDependencies": { "@minecraft/vanilla-data": ">=1.20.70" } }, "sha512-yT7MH47hqhJ3C208Y3g7bEo52aT5q9DZApxH5y3+qQ9voqazF35t3FeTd6aw2S7C07HA6yZOmNZ7p79b3PCJXg=="],

    "@minecraft/vanilla-data": ["@minecraft/vanilla-data@1.21.101", "", {}, "sha512-/SaOkginnFrzWKM6MXcn7RUfL52rvqUPd+u6jNkLm/t6GBj+Kh+ys/go6hFJqMAveHqXw0G2bgH8gKCaMobcvw=="],
  }
}
